
Microsoft Visual Studio Solution File, Format Version 12.00
# Visual Studio Version 16
VisualStudioVersion = 16.0.31702.278
MinimumVisualStudioVersion = 10.0.40219.1
Project("{FAE04EC0-301F-11D3-BF4B-00C04F79EFBC}") = "Web_API_02", "Web_API_02.csproj", "{A2695568-455A-4FB1-8C07-5B0FC3EED6DA}"
EndProject
Global
	GlobalSection(SolutionConfigurationPlatforms) = preSolution
		Debug|Any CPU = Debug|Any CPU
		Release|Any CPU = Release|Any CPU
	EndGlobalSection
	GlobalSection(ProjectConfigurationPlatforms) = postSolution
		{A2695568-455A-4FB1-8C07-5B0FC3EED6DA}.Debug|Any CPU.ActiveCfg = Debug|Any CPU
		{A2695568-455A-4FB1-8C07-5B0FC3EED6DA}.Debug|Any CPU.Build.0 = Debug|Any CPU
		{A2695568-455A-4FB1-8C07-5B0FC3EED6DA}.Release|Any CPU.ActiveCfg = Release|Any CPU
		{A2695568-455A-4FB1-8C07-5B0FC3EED6DA}.Release|Any CPU.Build.0 = Release|Any CPU
	EndGlobalSection
	GlobalSection(SolutionProperties) = preSolution
		HideSolutionNode = FALSE
	EndGlobalSection
	GlobalSection(ExtensibilityGlobals) = postSolution
		SolutionGuid = {1330E5EB-831B-4400-A124-49415652F4B2}
	EndGlobalSection
EndGlobal
